{
    "_readme": [
        "This file locks the dependencies of your project to a known state",
        "Read more about it at https://getcomposer.org/doc/01-basic-usage.md#composer-lock-the-lock-file",
        "This file is @generated automatically"
    ],
    "hash": "9683354006c098008c4c9981edfe8abe",
    "content-hash": "c578ed6a515bfd7239dcc7792b7540e6",
    "packages": [
        {
            "name": "bower-asset/admin-lte",
            "version": "v2.3.2",
            "source": {
                "type": "git",
                "url": "https://github.com/almasaeed2010/AdminLTE.git",
                "reference": "1ee281b3b99e8d8cccdc72fb8437c6888149cb46"
            },
            "dist": {
                "type": "zip",
                "url": "https://api.github.com/repos/almasaeed2010/AdminLTE/zipball/1ee281b3b99e8d8cccdc72fb8437c6888149cb46",
                "reference": "1ee281b3b99e8d8cccdc72fb8437c6888149cb46",
                "shasum": ""
            },
            "type": "bower-asset-library",
            "extra": {
                "bower-asset-main": [
                    "index2.html",
                    "dist/css/AdminLTE.css",
                    "dist/js/app.js",
                    "build/less/AdminLTE.less"
                ],
                "bower-asset-ignore": [
                    "/.*",
                    "node_modules",
                    "bower_components",
                    "composer.json",
                    "documentation"
                ]
            },
            "license": [
                "MIT"
            ],
            "description": "Admin dashboard and control panel template",
            "keywords": [
                "admin",
                "backend",
                "bootstrap",
                "css",
                "html",
                "js",
                "responsive",
                "template",
                "theme"
            ]
        },
        {
            "name": "bower-asset/font-awesome",
            "version": "v4.4.0",
            "source": {
                "type": "git",
                "url": "https://github.com/FortAwesome/Font-Awesome.git",
                "reference": "e554555d73a44e0a7d11b0361ad7a5325a5f551c"
            },
            "dist": {
                "type": "zip",
                "url": "https://api.github.com/repos/FortAwesome/Font-Awesome/zipball/e554555d73a44e0a7d11b0361ad7a5325a5f551c",
                "reference": "e554555d73a44e0a7d11b0361ad7a5325a5f551c",
                "shasum": ""
            },
            "type": "bower-asset-library",
            "extra": {
                "bower-asset-main": [
                    "less/font-awesome.less",
                    "scss/font-awesome.scss"
                ],
                "bower-asset-ignore": [
                    "*/.*",
                    "*.json",
                    "src",
                    "*.yml",
                    "Gemfile",
                    "Gemfile.lock",
                    "*.md"
                ]
            },
            "license": [
                "OFL-1.1",
                "MIT",
                "CC-BY-3.0"
            ],
            "description": "Font Awesome"
        },
        {
            "name": "bower-asset/jquery",
            "version": "2.2.0",
            "source": {
                "type": "git",
                "url": "https://github.com/jquery/jquery-dist.git",
                "reference": "6fc01e29bdad0964f62ef56d01297039cdcadbe5"
            },
            "dist": {
                "type": "zip",
                "url": "https://api.github.com/repos/jquery/jquery-dist/zipball/6fc01e29bdad0964f62ef56d01297039cdcadbe5",
                "reference": "6fc01e29bdad0964f62ef56d01297039cdcadbe5",
                "shasum": ""
            },
            "type": "bower-asset-library",
            "extra": {
                "bower-asset-main": "dist/jquery.js",
                "bower-asset-ignore": [
                    "package.json"
                ]
            },
            "license": [
                "MIT"
            ],
            "keywords": [
                "browser",
                "javascript",
                "jquery",
                "library"
            ]
        },
        {
            "name": "bower-asset/jstree",
            "version": "3.2.1",
            "source": {
                "type": "git",
                "url": "https://github.com/vakata/jstree.git",
                "reference": "8ea6ce78bba5fefe4c3233844cbcb22b12826b31"
            },
            "dist": {
                "type": "zip",
                "url": "https://api.github.com/repos/vakata/jstree/zipball/8ea6ce78bba5fefe4c3233844cbcb22b12826b31",
                "reference": "8ea6ce78bba5fefe4c3233844cbcb22b12826b31",
                "shasum": ""
            },
            "require": {
                "bower-asset/jquery": ">=1.9.1"
            },
            "type": "bower-asset-library",
            "extra": {
                "bower-asset-main": [
                    "./dist/jstree.js",
                    "./dist/themes/default/style.css"
                ],
                "bower-asset-ignore": [
                    "**/.*",
                    "docs",
                    "demo",
                    "libs",
                    "node_modules",
                    "test",
                    "libs",
                    "jstree.jquery.json",
                    "gruntfile.js",
                    "package.json",
                    "bower.json",
                    "component.json",
                    "LICENCE-MIT",
                    "README.md"
                ]
            },
            "keywords": [
                "jstree",
                "tree",
                "ui"
            ]
        }
    ],
    "packages-dev": [],
    "aliases": [],
    "minimum-stability": "stable",
    "stability-flags": [],
    "prefer-stable": false,
    "prefer-lowest": false,
    "platform": {
        "php": ">=5.4.0"
    },
    "platform-dev": []
}
